
Microsoft Visual Studio Solution File, Format Version 12.00
# Visual Studio Version 16
VisualStudioVersion = 16.0.29025.244
MinimumVisualStudioVersion = 10.0.40219.1
Project("{FAE04EC0-301F-11D3-BF4B-00C04F79EFBC}") = "CashRegisterWebApiReact.Web", "CashRegisterWebApiReact.Web\CashRegisterWebApiReact.Web.csproj", "{0B2F95A2-6B27-4401-B518-B2A8B6287578}"
EndProject
Project("{FAE04EC0-301F-11D3-BF4B-00C04F79EFBC}") = "CashRegisterWebApiReact.Data", "CashRegisterWebApiReact.Data\CashRegisterWebApiReact.Data.csproj", "{577F0C1D-A916-4355-B003-D5D6B88FBF93}"
EndProject
Project("{FAE04EC0-301F-11D3-BF4B-00C04F79EFBC}") = "CashRegisterWebApiReact.Domain", "CashRegisterWebApiReact.Domain\CashRegisterWebApiReact.Domain.csproj", "{9EC46080-A3EF-4573-86C5-0B662D8ADC31}"
EndProject
Global
	GlobalSection(SolutionConfigurationPlatforms) = preSolution
		Debug|Any CPU = Debug|Any CPU
		Release|Any CPU = Release|Any CPU
	EndGlobalSection
	GlobalSection(ProjectConfigurationPlatforms) = postSolution
		{0B2F95A2-6B27-4401-B518-B2A8B6287578}.Debug|Any CPU.ActiveCfg = Debug|Any CPU
		{0B2F95A2-6B27-4401-B518-B2A8B6287578}.Debug|Any CPU.Build.0 = Debug|Any CPU
		{0B2F95A2-6B27-4401-B518-B2A8B6287578}.Release|Any CPU.ActiveCfg = Release|Any CPU
		{0B2F95A2-6B27-4401-B518-B2A8B6287578}.Release|Any CPU.Build.0 = Release|Any CPU
		{577F0C1D-A916-4355-B003-D5D6B88FBF93}.Debug|Any CPU.ActiveCfg = Debug|Any CPU
		{577F0C1D-A916-4355-B003-D5D6B88FBF93}.Debug|Any CPU.Build.0 = Debug|Any CPU
		{577F0C1D-A916-4355-B003-D5D6B88FBF93}.Release|Any CPU.ActiveCfg = Release|Any CPU
		{577F0C1D-A916-4355-B003-D5D6B88FBF93}.Release|Any CPU.Build.0 = Release|Any CPU
		{9EC46080-A3EF-4573-86C5-0B662D8ADC31}.Debug|Any CPU.ActiveCfg = Debug|Any CPU
		{9EC46080-A3EF-4573-86C5-0B662D8ADC31}.Debug|Any CPU.Build.0 = Debug|Any CPU
		{9EC46080-A3EF-4573-86C5-0B662D8ADC31}.Release|Any CPU.ActiveCfg = Release|Any CPU
		{9EC46080-A3EF-4573-86C5-0B662D8ADC31}.Release|Any CPU.Build.0 = Release|Any CPU
	EndGlobalSection
	GlobalSection(SolutionProperties) = preSolution
		HideSolutionNode = FALSE
	EndGlobalSection
	GlobalSection(ExtensibilityGlobals) = postSolution
		SolutionGuid = {6BE60DBC-2658-4C96-A021-D1ABA61374AE}
	EndGlobalSection
EndGlobal
