
Microsoft Visual Studio Solution File, Format Version 12.00
# Visual Studio Version 16
VisualStudioVersion = 16.0.29025.244
MinimumVisualStudioVersion = 10.0.40219.1
Project("{9A19103F-16F7-4668-BE54-9A1E7A4F7556}") = "StoreCashRegister.Web", "StoreCashRegister.Web\StoreCashRegister.Web.csproj", "{EFFBE2E9-A5FF-47DC-8C46-139B2BE5E466}"
EndProject
Project("{FAE04EC0-301F-11D3-BF4B-00C04F79EFBC}") = "StoreCashRegister.Data", "StoreCashRegister.Data\StoreCashRegister.Data.csproj", "{6E814F12-3140-4A10-9DCD-DCA4BCD84F52}"
EndProject
Project("{FAE04EC0-301F-11D3-BF4B-00C04F79EFBC}") = "StoreCashRegister.Domain", "StoreCashRegister.Domain\StoreCashRegister.Domain.csproj", "{D486036D-9A5E-4B61-B3A1-5DD83EACF681}"
EndProject
Global
	GlobalSection(SolutionConfigurationPlatforms) = preSolution
		Debug|Any CPU = Debug|Any CPU
		Release|Any CPU = Release|Any CPU
	EndGlobalSection
	GlobalSection(ProjectConfigurationPlatforms) = postSolution
		{EFFBE2E9-A5FF-47DC-8C46-139B2BE5E466}.Debug|Any CPU.ActiveCfg = Debug|Any CPU
		{EFFBE2E9-A5FF-47DC-8C46-139B2BE5E466}.Debug|Any CPU.Build.0 = Debug|Any CPU
		{EFFBE2E9-A5FF-47DC-8C46-139B2BE5E466}.Release|Any CPU.ActiveCfg = Release|Any CPU
		{EFFBE2E9-A5FF-47DC-8C46-139B2BE5E466}.Release|Any CPU.Build.0 = Release|Any CPU
		{6E814F12-3140-4A10-9DCD-DCA4BCD84F52}.Debug|Any CPU.ActiveCfg = Debug|Any CPU
		{6E814F12-3140-4A10-9DCD-DCA4BCD84F52}.Debug|Any CPU.Build.0 = Debug|Any CPU
		{6E814F12-3140-4A10-9DCD-DCA4BCD84F52}.Release|Any CPU.ActiveCfg = Release|Any CPU
		{6E814F12-3140-4A10-9DCD-DCA4BCD84F52}.Release|Any CPU.Build.0 = Release|Any CPU
		{D486036D-9A5E-4B61-B3A1-5DD83EACF681}.Debug|Any CPU.ActiveCfg = Debug|Any CPU
		{D486036D-9A5E-4B61-B3A1-5DD83EACF681}.Debug|Any CPU.Build.0 = Debug|Any CPU
		{D486036D-9A5E-4B61-B3A1-5DD83EACF681}.Release|Any CPU.ActiveCfg = Release|Any CPU
		{D486036D-9A5E-4B61-B3A1-5DD83EACF681}.Release|Any CPU.Build.0 = Release|Any CPU
	EndGlobalSection
	GlobalSection(SolutionProperties) = preSolution
		HideSolutionNode = FALSE
	EndGlobalSection
	GlobalSection(ExtensibilityGlobals) = postSolution
		SolutionGuid = {976260A6-B0A1-4F81-8A46-4942A7E3563B}
	EndGlobalSection
EndGlobal
